# THIS IS AN AUTOGENERATED FILE. DO NOT EDIT THIS FILE DIRECTLY.
# yarn lockfile v1


arid@^0.20.0:
  version "0.20.0"
  resolved "https://registry.yarnpkg.com/arid/-/arid-0.20.0.tgz#66db0ecc4371f7a750e7c2b969ad08b24e14fb2a"
  dependencies:
    arkount "^0.3.0"
    babel-runtime "^6.23.0"
    doubt "^0.22.0"

arkount@^0.3.0:
  version "0.3.0"
  resolved "https://registry.yarnpkg.com/arkount/-/arkount-0.3.0.tgz#b97d2f0114192818fa6dfd5b6ec78ca193f6090d"
  dependencies:
    babel-runtime "^6.23.0"
    doubt "^0.22.0"
    raze "^0.23.0"
    truly "^0.16.0"
    wichevr "^0.5.0"

asea@^0.12.0:
  version "0.12.0"
  resolved "https://registry.yarnpkg.com/asea/-/asea-0.12.0.tgz#023a3473041d54d2af8f6fe75c77e752432eb321"
  dependencies:
    babel-runtime "^6.23.0"
    harden "^0.19.0"

ate@^0.14.0:
  version "0.14.0"
  resolved "https://registry.yarnpkg.com/ate/-/ate-0.14.0.tgz#763e7fe3139ad60d8d920f83b875b31e75a3ac5a"
  dependencies:
    babel-runtime "^6.23.0"
    falzy "^0.16.0"
    protype "^0.20.0"
    zelf "^0.10.0"

babel-runtime@^6.23.0:
  version "6.23.0"
  resolved "https://registry.yarnpkg.com/babel-runtime/-/babel-runtime-6.23.0.tgz#0a9489f144de70efb3ce4300accdb329e2fc543b"
  dependencies:
    core-js "^2.4.0"
    regenerator-runtime "^0.10.0"

browser-fingerprint@0.0.1:
  version "0.0.1"
  resolved "https://registry.yarnpkg.com/browser-fingerprint/-/browser-fingerprint-0.0.1.tgz#8df3cdca25bf7d5b3542d61545d730053fce604a"

budge@^0.17.0:
  version "0.17.0"
  resolved "https://registry.yarnpkg.com/budge/-/budge-0.17.0.tgz#77bc271a982786c43a4594b625080cdd001fa14e"
  dependencies:
    arkount "^0.3.0"
    babel-runtime "^6.23.0"
    depher "^0.20.0"
    doubt "^0.22.0"
    raze "^0.23.0"

called@^0.15.0:
  version "0.15.0"
  resolved "https://registry.yarnpkg.com/called/-/called-0.15.0.tgz#882fd555b4e2a58abd7a7d02706477d1deff9db4"
  dependencies:
    babel-runtime "^6.23.0"
    harden "^0.19.0"
    kloak "^0.10.0"
    protype "^0.20.0"
    raze "^0.23.0"

cemento@^0.14.0:
  version "0.14.0"
  resolved "https://registry.yarnpkg.com/cemento/-/cemento-0.14.0.tgz#c8de6bc16c4db7bf1d963563fcec21cf855b6c74"
  dependencies:
    babel-runtime "^6.23.0"
    harden "^0.19.0"
    kount "^0.10.0"

circular-json@^0.3.1:
  version "0.3.1"
  resolved "https://registry.yarnpkg.com/circular-json/-/circular-json-0.3.1.tgz#be8b36aefccde8b3ca7aa2d6afc07a37242c0d2d"

clazof@^0.16.0:
  version "0.16.0"
  resolved "https://registry.yarnpkg.com/clazof/-/clazof-0.16.0.tgz#b64e69b222cf43b3636aa6bbbfc1e8295b73a7ff"
  dependencies:
    babel-runtime "^6.23.0"
    falzy "^0.16.0"
    portel "^0.2.0"
    protype "^0.20.0"
    raze "^0.23.0"
    stringe "^0.1.0"
    wauker "^0.4.0"

cobralize@^0.11.0:
  version "0.11.0"
  resolved "https://registry.yarnpkg.com/cobralize/-/cobralize-0.11.0.tgz#55300172b676321a197ad1b38d1e07a9df6ca53a"
  dependencies:
    babel-runtime "^6.23.0"
    disdo "^0.11.0"
    falzy "^0.16.0"
    protype "^0.20.0"

core-js@^1.1.1:
  version "1.2.7"
  resolved "https://registry.yarnpkg.com/core-js/-/core-js-1.2.7.tgz#652294c14651db28fa93bd2d5ff2983a4f08c636"

core-js@^2.4.0:
  version "2.4.1"
  resolved "https://registry.yarnpkg.com/core-js/-/core-js-2.4.1.tgz#4de911e667b0eae9124e34254b53aea6fc618d3e"

cuid@^1.3.8:
  version "1.3.8"
  resolved "https://registry.yarnpkg.com/cuid/-/cuid-1.3.8.tgz#4b875e0969bad764f7ec0706cf44f5fb0831f6b7"
  dependencies:
    browser-fingerprint "0.0.1"
    core-js "^1.1.1"
    node-fingerprint "0.0.2"

decrease@^0.18.0:
  version "0.18.0"
  resolved "https://registry.yarnpkg.com/decrease/-/decrease-0.18.0.tgz#7be73d3dfdb61f0bae1dc056f970dd72c099e671"
  dependencies:
    arkount "^0.3.0"
    babel-runtime "^6.23.0"
    doubt "^0.22.0"
    falzy "^0.16.0"
    protype "^0.20.0"
    raze "^0.23.0"
    truly "^0.16.0"

dephall@^0.18.0:
  version "0.18.0"
  resolved "https://registry.yarnpkg.com/dephall/-/dephall-0.18.0.tgz#4b5d332855a278468d775aa19d78064d257ae802"
  dependencies:
    arid "^0.20.0"
    arkount "^0.3.0"
    babel-runtime "^6.23.0"
    doubt "^0.22.0"
    falze "^0.17.0"
    harden "^0.19.0"
    pyck "^0.18.0"
    raze "^0.23.0"
    truly "^0.16.0"
    zelf "^0.10.0"

depher@^0.20.0:
  version "0.20.0"
  resolved "https://registry.yarnpkg.com/depher/-/depher-0.20.0.tgz#672ac001489c5622c7c7fd22daf5cdd5c38c7aff"
  dependencies:
    babel-runtime "^6.23.0"
    dephall "^0.18.0"
    doubt "^0.22.0"
    falze "^0.17.0"
    harden "^0.19.0"
    raze "^0.23.0"
    zelf "^0.10.0"

disdo@^0.11.0:
  version "0.11.0"
  resolved "https://registry.yarnpkg.com/disdo/-/disdo-0.11.0.tgz#e30b0fb1c5817a6c2e371dd5db88c0722d92d67d"
  dependencies:
    babel-runtime "^6.23.0"
    falzy "^0.16.0"
    protype "^0.20.0"

doubt@^0.22.0:
  version "0.22.0"
  resolved "https://registry.yarnpkg.com/doubt/-/doubt-0.22.0.tgz#46461c0d118bb52e09b640fa59fa973bdfe49d4c"
  dependencies:
    babel-runtime "^6.23.0"
    cemento "^0.14.0"
    circular-json "^0.3.1"
    falzy "^0.16.0"
    harden "^0.19.0"
    khount "^0.0.0"
    protype "^0.20.0"
    stringe "^0.1.0"

een@^0.11.0:
  version "0.11.0"
  resolved "https://registry.yarnpkg.com/een/-/een-0.11.0.tgz#91562d5ec3ea47e8e4578f97540d3952a1bf1160"
  dependencies:
    babel-runtime "^6.23.0"
    doubt "^0.22.0"
    kein "^0.15.0"
    protype "^0.20.0"
    stringe "^0.1.0"
    truly "^0.16.0"

empt@^0.18.0:
  version "0.18.0"
  resolved "https://registry.yarnpkg.com/empt/-/empt-0.18.0.tgz#7e52cd664911a678b2fd9eff5c64d7cb9ec14ece"
  dependencies:
    babel-runtime "^6.23.0"
    doubt "^0.22.0"
    kount "^0.10.0"
    protype "^0.20.0"

falze@^0.17.0:
  version "0.17.0"
  resolved "https://registry.yarnpkg.com/falze/-/falze-0.17.0.tgz#a8e000cf9a783ca529001798eaac82fe6a3e439b"
  dependencies:
    arid "^0.20.0"
    babel-runtime "^6.23.0"
    doubt "^0.22.0"
    empt "^0.18.0"
    falzy "^0.16.0"
    protype "^0.20.0"

falzy@^0.16.0:
  version "0.16.0"
  resolved "https://registry.yarnpkg.com/falzy/-/falzy-0.16.0.tgz#32f9e193128d23903a5dad3ceafc0ca89550b6b2"
  dependencies:
    babel-runtime "^6.23.0"
    protype "^0.20.0"

filled@^0.16.0:
  version "0.16.0"
  resolved "https://registry.yarnpkg.com/filled/-/filled-0.16.0.tgz#bb869ed901b9bb04e5d94b872636f42be1723658"
  dependencies:
    arkount "^0.3.0"
    babel-runtime "^6.23.0"
    doubt "^0.22.0"

harden@^0.19.0:
  version "0.19.0"
  resolved "https://registry.yarnpkg.com/harden/-/harden-0.19.0.tgz#04385f850ec8eac62a40e5553e245e0286fe2426"
  dependencies:
    babel-runtime "^6.23.0"

impel@^0.8.0:
  version "0.8.0"
  resolved "https://registry.yarnpkg.com/impel/-/impel-0.8.0.tgz#16301df119c820d428c4365708fcd46763f81e80"
  dependencies:
    asea "^0.12.0"
    babel-runtime "^6.23.0"
    falzy "^0.16.0"
    kein "^0.15.0"
    protype "^0.20.0"
    zelf "^0.10.0"

kein@^0.15.0:
  version "0.15.0"
  resolved "https://registry.yarnpkg.com/kein/-/kein-0.15.0.tgz#2ee73140baa8a4dab15855d295c821b3d54bc71c"
  dependencies:
    babel-runtime "^6.23.0"
    falzy "^0.16.0"
    portel "^0.2.0"
    protype "^0.20.0"
    zelf "^0.10.0"

khount@^0.0.0:
  version "0.0.0"
  resolved "https://registry.yarnpkg.com/khount/-/khount-0.0.0.tgz#7c7f369ae5d0ef5499dca14eeb168bb4b4b29e6d"
  dependencies:
    babel-runtime "^6.23.0"

kloak@^0.10.0:
  version "0.10.0"
  resolved "https://registry.yarnpkg.com/kloak/-/kloak-0.10.0.tgz#76dcc1657251b6f7626fada60d4895e5010f91f8"
  dependencies:
    ate "^0.14.0"
    babel-runtime "^6.23.0"
    cobralize "^0.11.0"
    falzy "^0.16.0"
    harden "^0.19.0"
    kein "^0.15.0"
    protype "^0.20.0"
    transpher "^0.13.0"
    truly "^0.16.0"

kount@^0.10.0:
  version "0.10.0"
  resolved "https://registry.yarnpkg.com/kount/-/kount-0.10.0.tgz#92f6dc18a5c8e8844e29a93aec268b58ad92f53b"
  dependencies:
    babel-runtime "^6.23.0"

kurse@^0.8.0:
  version "0.8.0"
  resolved "https://registry.yarnpkg.com/kurse/-/kurse-0.8.0.tgz#f0f7abcf68f04adbbe7eb89d9c637aab0353e786"
  dependencies:
    babel-runtime "^6.23.0"
    cuid "^1.3.8"
    een "^0.11.0"
    harden "^0.19.0"
    kein "^0.15.0"
    protype "^0.20.0"
    truly "^0.16.0"

letgo@^0.21.0:
  version "0.21.0"
  resolved "https://registry.yarnpkg.com/letgo/-/letgo-0.21.0.tgz#9b69ecf1a7f477dc6203768601a801ab8ef686df"
  dependencies:
    arid "^0.20.0"
    babel-runtime "^6.23.0"
    budge "^0.17.0"
    called "^0.15.0"
    depher "^0.20.0"
    filled "^0.16.0"
    harden "^0.19.0"
    protype "^0.20.0"
    truly "^0.16.0"
    zelf "^0.10.0"

node-fingerprint@0.0.2:
  version "0.0.2"
  resolved "https://registry.yarnpkg.com/node-fingerprint/-/node-fingerprint-0.0.2.tgz#31cbabeb71a67ae7dd5a7dc042e51c3c75868501"

numric@^0.10.0:
  version "0.10.0"
  resolved "https://registry.yarnpkg.com/numric/-/numric-0.10.0.tgz#19968a03b0fa030b9231ec0c788e16f2d6c16237"
  dependencies:
    babel-runtime "^6.23.0"
    protype "^0.20.0"
    stringe "^0.1.0"
    truly "^0.16.0"

pedon@^0.10.0:
  version "0.10.0"
  resolved "https://registry.yarnpkg.com/pedon/-/pedon-0.10.0.tgz#bf17b8a1e66c282a26736161011fcf04a8cc188f"
  dependencies:
    cobralize "^0.11.0"
    harden "^0.19.0"
    protype "^0.20.0"
    shardize "^0.12.0"

plough@^0.20.0:
  version "0.20.0"
  resolved "https://registry.yarnpkg.com/plough/-/plough-0.20.0.tgz#ff422c87fe66fd4047c675be26c6d3f5c3ec254b"
  dependencies:
    arid "^0.20.0"
    babel-runtime "^6.23.0"
    decrease "^0.18.0"
    doubt "^0.22.0"
    raze "^0.23.0"

portel@^0.2.0:
  version "0.2.0"
  resolved "https://registry.yarnpkg.com/portel/-/portel-0.2.0.tgz#86ab79392ad5aa25b6d1f356b63b9983ff229018"
  dependencies:
    babel-runtime "^6.23.0"
    protype "^0.20.0"

pringe@^0.6.0:
  version "0.6.0"
  resolved "https://registry.yarnpkg.com/pringe/-/pringe-0.6.0.tgz#9ff4caf115fdcd1161113f079d712acb3928afb6"
  dependencies:
    babel-runtime "^6.23.0"
    kurse "^0.8.0"
    plough "^0.20.0"
    stringe "^0.1.0"
    sxty4 "^0.7.0"
    truly "^0.16.0"
    zelf "^0.10.0"

protease@^0.13.0:
  version "0.13.0"
  resolved "https://registry.yarnpkg.com/protease/-/protease-0.13.0.tgz#af87b53b4e270bfa7a25c563c26136f303cea56d"
  dependencies:
    babel-runtime "^6.23.0"
    falzy "^0.16.0"
    harden "^0.19.0"
    kein "^0.15.0"
    protype "^0.20.0"

protype@^0.20.0:
  version "0.20.0"
  resolved "https://registry.yarnpkg.com/protype/-/protype-0.20.0.tgz#286647abdbd527f067754debae77bdc38d449a5e"
  dependencies:
    babel-runtime "^6.23.0"
    cemento "^0.14.0"
    harden "^0.19.0"

pyck@^0.18.0:
  version "0.18.0"
  resolved "https://registry.yarnpkg.com/pyck/-/pyck-0.18.0.tgz#a3ca80edf80018c9903cdae850c0848c96e0c629"
  dependencies:
    babel-runtime "^6.23.0"
    clazof "^0.16.0"
    doubt "^0.22.0"
    falzy "^0.16.0"
    harden "^0.19.0"
    protype "^0.20.0"
    raze "^0.23.0"
    truly "^0.16.0"
    zelf "^0.10.0"

raze@^0.23.0:
  version "0.23.0"
  resolved "https://registry.yarnpkg.com/raze/-/raze-0.23.0.tgz#88482e629ff05811edc324029118bc02d267d623"
  dependencies:
    babel-runtime "^6.23.0"
    doubt "^0.22.0"
    harden "^0.19.0"

regenerator-runtime@^0.10.0:
  version "0.10.3"
  resolved "https://registry.yarnpkg.com/regenerator-runtime/-/regenerator-runtime-0.10.3.tgz#8c4367a904b51ea62a908ac310bf99ff90a82a3e"

shardize@^0.12.0:
  version "0.12.0"
  resolved "https://registry.yarnpkg.com/shardize/-/shardize-0.12.0.tgz#49f6d094d3de1ff8f29363d3486cefbe8ad15872"
  dependencies:
    babel-runtime "^6.23.0"
    disdo "^0.11.0"
    falzy "^0.16.0"
    protype "^0.20.0"

snapd@^0.16.0:
  version "0.16.0"
  resolved "https://registry.yarnpkg.com/snapd/-/snapd-0.16.0.tgz#dfb13baa3c6e343eaf1f330be3ce610a2c2afa19"
  dependencies:
    asea "^0.12.0"
    babel-runtime "^6.23.0"
    budge "^0.17.0"
    harden "^0.19.0"
    impel "^0.8.0"
    kein "^0.15.0"
    letgo "^0.21.0"
    pringe "^0.6.0"
    protype "^0.20.0"
    truly "^0.16.0"
    zelf "^0.10.0"

stringe@^0.1.0:
  version "0.1.0"
  resolved "https://registry.yarnpkg.com/stringe/-/stringe-0.1.0.tgz#efd63f307ef2599f5ea3080c4bf4b0c5088d203e"
  dependencies:
    babel-runtime "^6.23.0"

sxty4@^0.7.0:
  version "0.7.0"
  resolved "https://registry.yarnpkg.com/sxty4/-/sxty4-0.7.0.tgz#b78e39633ae9a6abcba799b443a6a424145fd441"
  dependencies:
    asea "^0.12.0"
    babel-runtime "^6.23.0"
    falzy "^0.16.0"
    harden "^0.19.0"
    protype "^0.20.0"

transpher@^0.13.0:
  version "0.13.0"
  resolved "https://registry.yarnpkg.com/transpher/-/transpher-0.13.0.tgz#1d31eedda050f172220be71c3c29bccc6127a239"
  dependencies:
    ate "^0.14.0"
    babel-runtime "^6.23.0"
    depher "^0.20.0"
    falzy "^0.16.0"
    kein "^0.15.0"

truly@^0.16.0:
  version "0.16.0"
  resolved "https://registry.yarnpkg.com/truly/-/truly-0.16.0.tgz#ba0409c570c95cdc78bfff2eef534dcf789b1024"
  dependencies:
    babel-runtime "^6.23.0"
    protype "^0.20.0"

wauker@^0.4.0:
  version "0.4.0"
  resolved "https://registry.yarnpkg.com/wauker/-/wauker-0.4.0.tgz#d7e2d9b84977835ea01288bfe584649a8c9cba86"
  dependencies:
    babel-runtime "^6.23.0"
    een "^0.11.0"
    falzy "^0.16.0"
    protease "^0.13.0"
    protype "^0.20.0"

wichevr@^0.5.0:
  version "0.5.0"
  resolved "https://registry.yarnpkg.com/wichevr/-/wichevr-0.5.0.tgz#da92920bb0cd3dfa885e9ced854106d841327f98"
  dependencies:
    babel-runtime "^6.23.0"
    raze "^0.23.0"
    truly "^0.16.0"

zelf@^0.10.0:
  version "0.10.0"
  resolved "https://registry.yarnpkg.com/zelf/-/zelf-0.10.0.tgz#8c151878c632ce12a37a23d1b124fc09523e478c"
  dependencies:
    asea "^0.12.0"
    babel-runtime "^6.23.0"
