# THIS IS AN AUTOGENERATED FILE. DO NOT EDIT THIS FILE DIRECTLY.
# yarn lockfile v1


arid@^0.4.0:
  version "0.4.0"
  resolved "https://registry.yarnpkg.com/arid/-/arid-0.4.0.tgz#86f5e97242d2bdd08c7266559911e084bef6111f"
  dependencies:
    babel-runtime "^6.20.0"
    doubt "^0.6.0"
    truly "^0.5.0"

asea@^0.6.0:
  version "0.6.0"
  resolved "https://registry.yarnpkg.com/asea/-/asea-0.6.0.tgz#b5b6153ee82e4e69eddb83ac8a29887381dad5e8"
  dependencies:
    babel-runtime "^6.20.0"
    harden "^0.12.0"

asea@^0.8.0:
  version "0.8.0"
  resolved "https://registry.yarnpkg.com/asea/-/asea-0.8.0.tgz#2fb62053c11bb34db371922df1036d0183b79fa9"
  dependencies:
    babel-runtime "^6.22.0"
    harden "^0.14.0"

ate@^0.5.0:
  version "0.5.0"
  resolved "https://registry.yarnpkg.com/ate/-/ate-0.5.0.tgz#95cfade6cde86dbf279f78e335e326c7ac70762a"
  dependencies:
    babel-runtime "^6.20.0"
    falzy "^0.7.0"
    protype "^0.8.0"
    zelf "^0.4.0"

ate@^0.9.0:
  version "0.9.0"
  resolved "https://registry.yarnpkg.com/ate/-/ate-0.9.0.tgz#1af2638e0668fdfa02665b28578293c4cffe04b3"
  dependencies:
    babel-runtime "^6.22.0"
    falzy "^0.11.0"
    protype "^0.15.0"
    zelf "^0.6.0"

babel-runtime@^6.20.0, babel-runtime@^6.22.0:
  version "6.22.0"
  resolved "https://registry.yarnpkg.com/babel-runtime/-/babel-runtime-6.22.0.tgz#1cf8b4ac67c77a4ddb0db2ae1f74de52ac4ca611"
  dependencies:
    core-js "^2.4.0"
    regenerator-runtime "^0.10.0"

browser-fingerprint@0.0.1:
  version "0.0.1"
  resolved "https://registry.yarnpkg.com/browser-fingerprint/-/browser-fingerprint-0.0.1.tgz#8df3cdca25bf7d5b3542d61545d730053fce604a"

budge@^0.5.0:
  version "0.5.0"
  resolved "https://registry.yarnpkg.com/budge/-/budge-0.5.0.tgz#0e1d9105f1123444e9bf7994ccfd03ce9e231048"
  dependencies:
    babel-runtime "^6.20.0"
    depher "^0.5.0"
    doubt "^0.6.0"
    raze "^0.6.0"

called@^0.11.0:
  version "0.11.0"
  resolved "https://registry.yarnpkg.com/called/-/called-0.11.0.tgz#de631418dfd435b5ca3a6decd797f35fa910118a"
  dependencies:
    babel-runtime "^6.22.0"
    harden "^0.14.0"
    kloak "^0.5.0"
    protype "^0.15.0"
    raze "^0.16.0"

called@^0.7.0:
  version "0.7.0"
  resolved "https://registry.yarnpkg.com/called/-/called-0.7.0.tgz#8dc098b59b05d6744fe781cdd4e29259abc82d3b"
  dependencies:
    babel-runtime "^6.22.0"
    harden "^0.13.0"
    kloak "^0.1.0"
    protype "^0.8.0"
    raze "^0.6.0"
    zelf "^0.4.0"

cemento@^0.5.0:
  version "0.5.0"
  resolved "https://registry.yarnpkg.com/cemento/-/cemento-0.5.0.tgz#20457d4c79a7768a2b4964d0e1527af4684e853e"
  dependencies:
    babel-runtime "^6.20.0"
    harden "^0.12.0"

cemento@^0.6.0:
  version "0.6.0"
  resolved "https://registry.yarnpkg.com/cemento/-/cemento-0.6.0.tgz#c1ef665ade24804e43d7588c67ea572a0c5423c9"
  dependencies:
    babel-runtime "^6.22.0"
    harden "^0.13.0"

cemento@^0.7.0:
  version "0.7.0"
  resolved "https://registry.yarnpkg.com/cemento/-/cemento-0.7.0.tgz#40ba7744dc1a85020f18e64270b2f2dcc0651e2e"
  dependencies:
    babel-runtime "^6.22.0"
    harden "^0.14.0"

cemento@^0.8.0:
  version "0.8.0"
  resolved "https://registry.yarnpkg.com/cemento/-/cemento-0.8.0.tgz#b95751f73f408b70f14d440c1939018ba0bb6e21"
  dependencies:
    babel-runtime "^6.22.0"
    harden "^0.14.0"

circular-json@^0.3.1:
  version "0.3.1"
  resolved "https://registry.yarnpkg.com/circular-json/-/circular-json-0.3.1.tgz#be8b36aefccde8b3ca7aa2d6afc07a37242c0d2d"

clazof@^0.4.0:
  version "0.4.0"
  resolved "https://registry.yarnpkg.com/clazof/-/clazof-0.4.0.tgz#d70192b2ce345f66cf4d1c6a145428cd1298fc9b"
  dependencies:
    babel-runtime "^6.22.0"
    budge "^0.5.0"
    een "^0.1.0"
    falzy "^0.7.0"
    protype "^0.8.0"

cobralize@^0.3.0:
  version "0.3.0"
  resolved "https://registry.yarnpkg.com/cobralize/-/cobralize-0.3.0.tgz#f1fb0527f5d153c6a04949f147259333c8a4b53e"
  dependencies:
    babel-runtime "^6.20.0"
    disdo "^0.3.0"
    falzy "^0.7.0"
    protype "^0.7.0"

cobralize@^0.5.0:
  version "0.5.0"
  resolved "https://registry.yarnpkg.com/cobralize/-/cobralize-0.5.0.tgz#71047bdb8a2bb9ab0172123188b893f8308ef6f5"
  dependencies:
    babel-runtime "^6.22.0"
    disdo "^0.5.0"
    falzy "^0.8.0"
    protype "^0.9.0"

cobralize@^0.7.0:
  version "0.7.0"
  resolved "https://registry.yarnpkg.com/cobralize/-/cobralize-0.7.0.tgz#81f27a85c82e8c51fbf864b2ee4956592d253d7b"
  dependencies:
    babel-runtime "^6.22.0"
    disdo "^0.7.0"
    falzy "^0.11.0"
    protype "^0.15.0"

core-js@^1.1.1:
  version "1.2.7"
  resolved "https://registry.yarnpkg.com/core-js/-/core-js-1.2.7.tgz#652294c14651db28fa93bd2d5ff2983a4f08c636"

core-js@^2.4.0:
  version "2.4.1"
  resolved "https://registry.yarnpkg.com/core-js/-/core-js-2.4.1.tgz#4de911e667b0eae9124e34254b53aea6fc618d3e"

cuid@^1.3.8:
  version "1.3.8"
  resolved "https://registry.yarnpkg.com/cuid/-/cuid-1.3.8.tgz#4b875e0969bad764f7ec0706cf44f5fb0831f6b7"
  dependencies:
    browser-fingerprint "0.0.1"
    core-js "^1.1.1"
    node-fingerprint "0.0.2"

decrease@^0.4.0:
  version "0.4.0"
  resolved "https://registry.yarnpkg.com/decrease/-/decrease-0.4.0.tgz#8bd8a50fa879137d380a47ddb80ff8d14a48a7ad"
  dependencies:
    babel-runtime "^6.20.0"
    doubt "^0.6.0"
    harden "^0.12.0"
    protype "^0.7.0"
    raze "^0.6.0"
    truly "^0.5.0"

dephall@^0.5.0:
  version "0.5.0"
  resolved "https://registry.yarnpkg.com/dephall/-/dephall-0.5.0.tgz#54895e41f7b98cbfcc41f42b42368b67e98376d0"
  dependencies:
    arid "^0.4.0"
    babel-runtime "^6.20.0"
    doubt "^0.6.0"
    falze "^0.3.0"
    falzy "^0.7.0"
    harden "^0.12.0"
    pyck "^0.5.0"
    zelf "^0.4.0"

dephall@^0.7.0:
  version "0.7.0"
  resolved "https://registry.yarnpkg.com/dephall/-/dephall-0.7.0.tgz#dd738f5e10e96bf36037cb39c9d0e9f288ef6c2a"
  dependencies:
    arid "^0.4.0"
    babel-runtime "^6.22.0"
    doubt "^0.6.0"
    falze "^0.3.0"
    falzy "^0.7.0"
    harden "^0.13.0"
    pyck "^0.7.0"
    zelf "^0.4.0"

depher@^0.5.0:
  version "0.5.0"
  resolved "https://registry.yarnpkg.com/depher/-/depher-0.5.0.tgz#4aaf9d8644060783b1aa5753fffda0d671e9cd4a"
  dependencies:
    babel-runtime "^6.20.0"
    dephall "^0.5.0"
    doubt "^0.6.0"
    falze "^0.3.0"
    falzy "^0.7.0"
    harden "^0.12.0"
    zelf "^0.4.0"

depher@^0.7.0:
  version "0.7.0"
  resolved "https://registry.yarnpkg.com/depher/-/depher-0.7.0.tgz#b699a5639a37eb7eb3935b537ca76c053dab0cae"
  dependencies:
    babel-runtime "^6.22.0"
    dephall "^0.7.0"
    doubt "^0.6.0"
    falze "^0.3.0"
    falzy "^0.7.0"
    harden "^0.13.0"
    zelf "^0.4.0"

disdo@^0.3.0:
  version "0.3.0"
  resolved "https://registry.yarnpkg.com/disdo/-/disdo-0.3.0.tgz#200222bb8865d2702bc43973c46ef4c5ca5cb975"
  dependencies:
    babel-runtime "^6.20.0"
    falzy "^0.7.0"
    harden "^0.12.0"
    protype "^0.7.0"

disdo@^0.5.0:
  version "0.5.0"
  resolved "https://registry.yarnpkg.com/disdo/-/disdo-0.5.0.tgz#8e8af8291d25683f26c54e148efbe619957deaf4"
  dependencies:
    babel-runtime "^6.22.0"
    falzy "^0.8.0"
    protype "^0.9.0"

disdo@^0.7.0:
  version "0.7.0"
  resolved "https://registry.yarnpkg.com/disdo/-/disdo-0.7.0.tgz#43d21f3c8befae77c087a1699a4f852c25f2337a"
  dependencies:
    babel-runtime "^6.22.0"
    falzy "^0.11.0"
    protype "^0.15.0"

doubt@^0.14.0:
  version "0.14.0"
  resolved "https://registry.yarnpkg.com/doubt/-/doubt-0.14.0.tgz#0196e55ab36ebd6c855812551b9188a5debeaecc"
  dependencies:
    babel-runtime "^6.22.0"
    cemento "^0.8.0"
    circular-json "^0.3.1"
    falzy "^0.11.0"
    harden "^0.14.0"
    kount "^0.7.0"
    protype "^0.15.0"

doubt@^0.6.0:
  version "0.6.0"
  resolved "https://registry.yarnpkg.com/doubt/-/doubt-0.6.0.tgz#c5f15725443d00a8aa91694f9dce8d2021c9f0c1"
  dependencies:
    babel-runtime "^6.20.0"
    cemento "^0.5.0"
    harden "^0.12.0"
    protype "^0.7.0"

een@^0.1.0:
  version "0.1.0"
  resolved "https://registry.yarnpkg.com/een/-/een-0.1.0.tgz#aa8c0100c332efefb1d1ee70810f3f0d108c48fa"
  dependencies:
    babel-runtime "^6.20.0"
    doubt "^0.6.0"
    kein "^0.2.0"
    protype "^0.8.0"
    truly "^0.5.0"

empt@^0.3.0:
  version "0.3.0"
  resolved "https://registry.yarnpkg.com/empt/-/empt-0.3.0.tgz#a3b9f87488ffe0a4ef7b75a9bdd6818b958e9c94"
  dependencies:
    babel-runtime "^6.20.0"
    doubt "^0.6.0"
    kount "^0.4.0"
    protype "^0.7.0"

falze@^0.3.0:
  version "0.3.0"
  resolved "https://registry.yarnpkg.com/falze/-/falze-0.3.0.tgz#6400d246b7e12838b7a8b57fe3313e5d4375fded"
  dependencies:
    arid "^0.4.0"
    babel-runtime "^6.20.0"
    doubt "^0.6.0"
    empt "^0.3.0"
    falzy "^0.7.0"
    protype "^0.7.0"

falzy@^0.11.0:
  version "0.11.0"
  resolved "https://registry.yarnpkg.com/falzy/-/falzy-0.11.0.tgz#61665d9714b3e0281491e8cd2de7d69726eadde3"
  dependencies:
    babel-runtime "^6.22.0"
    protype "^0.15.0"

falzy@^0.7.0:
  version "0.7.0"
  resolved "https://registry.yarnpkg.com/falzy/-/falzy-0.7.0.tgz#ed5a866d8e91b0ae6b7a4a207e289bbfe42af77f"
  dependencies:
    babel-runtime "^6.20.0"
    protype "^0.7.0"

falzy@^0.8.0:
  version "0.8.0"
  resolved "https://registry.yarnpkg.com/falzy/-/falzy-0.8.0.tgz#3a7884fb916be17e9f376447b80782492c4527e5"
  dependencies:
    babel-runtime "^6.22.0"
    protype "^0.9.0"

filled@^0.3.0:
  version "0.3.0"
  resolved "https://registry.yarnpkg.com/filled/-/filled-0.3.0.tgz#f1ff8d3ad9024073c9977f146f9cee2e8e100de3"
  dependencies:
    babel-runtime "^6.20.0"
    doubt "^0.6.0"
    raze "^0.6.0"
    truly "^0.5.0"

harden@^0.12.0:
  version "0.12.0"
  resolved "https://registry.yarnpkg.com/harden/-/harden-0.12.0.tgz#b480d26d2d366a8d329cef724fb898fcbf195228"
  dependencies:
    babel-runtime "^6.20.0"

harden@^0.13.0:
  version "0.13.0"
  resolved "https://registry.yarnpkg.com/harden/-/harden-0.13.0.tgz#179120a4782cb29e24ab3fd4ffc93616e4fd6912"
  dependencies:
    babel-runtime "^6.20.0"

harden@^0.14.0:
  version "0.14.0"
  resolved "https://registry.yarnpkg.com/harden/-/harden-0.14.0.tgz#bd9b003c413a80523f60fc0becd2b6e4bd0e3b96"
  dependencies:
    babel-runtime "^6.22.0"

impel@^0.3.0:
  version "0.3.0"
  resolved "https://registry.yarnpkg.com/impel/-/impel-0.3.0.tgz#15b036ab3980c65f2dfed92ae9474f9aba6b8f8e"
  dependencies:
    asea "^0.6.0"
    babel-runtime "^6.20.0"
    falzy "^0.7.0"
    kein "^0.5.0"
    protype "^0.8.0"
    zelf "^0.4.0"

kein@^0.2.0:
  version "0.2.0"
  resolved "https://registry.yarnpkg.com/kein/-/kein-0.2.0.tgz#642a7f5ca4a1095e94d942fb1eee5455bfc9052b"
  dependencies:
    babel-runtime "^6.20.0"
    falzy "^0.7.0"
    protype "^0.8.0"

kein@^0.5.0:
  version "0.5.0"
  resolved "https://registry.yarnpkg.com/kein/-/kein-0.5.0.tgz#959e59a7444f9f447652af403d05560416be5a69"
  dependencies:
    babel-runtime "^6.20.0"
    falzy "^0.7.0"
    protype "^0.8.0"

kein@^0.9.0:
  version "0.9.0"
  resolved "https://registry.yarnpkg.com/kein/-/kein-0.9.0.tgz#302b0275f05358b057115422f53cc14a145ef141"
  dependencies:
    babel-runtime "^6.22.0"
    falzy "^0.11.0"
    protype "^0.15.0"

kloak@^0.1.0:
  version "0.1.0"
  resolved "https://registry.yarnpkg.com/kloak/-/kloak-0.1.0.tgz#14250397b223245970b0c007e6156c5715d7bf89"
  dependencies:
    ate "^0.5.0"
    babel-runtime "^6.20.0"
    cobralize "^0.3.0"
    falzy "^0.7.0"
    harden "^0.13.0"
    kein "^0.2.0"
    protype "^0.8.0"
    transpher "^0.1.0"
    truly "^0.5.0"

kloak@^0.5.0:
  version "0.5.0"
  resolved "https://registry.yarnpkg.com/kloak/-/kloak-0.5.0.tgz#6fc43a4ee6f820112ea0df5e1a8385151ac41d4e"
  dependencies:
    ate "^0.9.0"
    babel-runtime "^6.22.0"
    cobralize "^0.7.0"
    falzy "^0.11.0"
    harden "^0.14.0"
    kein "^0.9.0"
    protype "^0.15.0"
    transpher "^0.6.0"
    truly "^0.11.0"

kount@^0.4.0:
  version "0.4.0"
  resolved "https://registry.yarnpkg.com/kount/-/kount-0.4.0.tgz#573b5a6de7bbe0c3723b25fcca36084c2f9751de"
  dependencies:
    babel-runtime "^6.20.0"

kount@^0.7.0:
  version "0.7.0"
  resolved "https://registry.yarnpkg.com/kount/-/kount-0.7.0.tgz#ffcf367ef7cd68f6e37034b61d5569d4af5bcdd9"
  dependencies:
    babel-runtime "^6.22.0"

kurse@^0.3.0:
  version "0.3.0"
  resolved "https://registry.yarnpkg.com/kurse/-/kurse-0.3.0.tgz#fa6c6863090ed4a907fd7fb5d50f56748c7da2ad"
  dependencies:
    babel-runtime "^6.20.0"
    cuid "^1.3.8"
    een "^0.1.0"
    harden "^0.13.0"
    kein "^0.2.0"
    protype "^0.8.0"
    truly "^0.5.0"

letgo@^0.16.0:
  version "0.16.0"
  resolved "https://registry.yarnpkg.com/letgo/-/letgo-0.16.0.tgz#f693a94491885b92d26a6d33f5fffa68c5640a29"
  dependencies:
    arid "^0.4.0"
    babel-runtime "^6.22.0"
    budge "^0.5.0"
    called "^0.7.0"
    depher "^0.7.0"
    filled "^0.3.0"
    harden "^0.13.0"
    protype "^0.8.0"
    truly "^0.5.0"
    zelf "^0.4.0"

node-fingerprint@0.0.2:
  version "0.0.2"
  resolved "https://registry.yarnpkg.com/node-fingerprint/-/node-fingerprint-0.0.2.tgz#31cbabeb71a67ae7dd5a7dc042e51c3c75868501"

numric@^0.7.0:
  version "0.7.0"
  resolved "https://registry.yarnpkg.com/numric/-/numric-0.7.0.tgz#aaca750b7ec2f6a744601d971d072e5b3c0ab8a7"
  dependencies:
    babel-runtime "^6.22.0"
    protype "^0.14.0"
    truly "^0.9.0"

pedon@^0.5.0:
  version "0.5.0"
  resolved "https://registry.yarnpkg.com/pedon/-/pedon-0.5.0.tgz#7b7315867d1c1b809deb94f078b6dce79b7f4a79"
  dependencies:
    cobralize "^0.5.0"
    harden "^0.13.0"
    protype "^0.9.0"
    shardize "^0.7.0"

plough@^0.5.0:
  version "0.5.0"
  resolved "https://registry.yarnpkg.com/plough/-/plough-0.5.0.tgz#19462475b46685e2ec0ba95e52800a2b2f773586"
  dependencies:
    arid "^0.4.0"
    babel-runtime "^6.20.0"
    decrease "^0.4.0"
    doubt "^0.6.0"
    harden "^0.12.0"
    raze "^0.6.0"

pringe@^0.2.0:
  version "0.2.0"
  resolved "https://registry.yarnpkg.com/pringe/-/pringe-0.2.0.tgz#57e09cbaec4522c10e9d9bd9c7c6abbd37a503e3"
  dependencies:
    babel-runtime "^6.20.0"
    kurse "^0.3.0"
    plough "^0.5.0"
    sxty4 "0.0.0"
    truly "^0.5.0"
    zelf "^0.4.0"

protype@^0.11.0:
  version "0.11.0"
  resolved "https://registry.yarnpkg.com/protype/-/protype-0.11.0.tgz#52b1a68d774d83bc4a9c0671d5e392b246fb4a3d"
  dependencies:
    babel-runtime "^6.22.0"
    cemento "^0.7.0"
    harden "^0.14.0"

protype@^0.14.0:
  version "0.14.0"
  resolved "https://registry.yarnpkg.com/protype/-/protype-0.14.0.tgz#fc572851c7b5096942ce9b1fdad18d5a72e520b5"
  dependencies:
    babel-runtime "^6.22.0"
    cemento "^0.7.0"
    harden "^0.14.0"

protype@^0.15.0:
  version "0.15.0"
  resolved "https://registry.yarnpkg.com/protype/-/protype-0.15.0.tgz#6cb05c750b098760dd268f0c21bae6339aa7d38d"
  dependencies:
    babel-runtime "^6.22.0"
    cemento "^0.8.0"
    harden "^0.14.0"

protype@^0.7.0:
  version "0.7.0"
  resolved "https://registry.yarnpkg.com/protype/-/protype-0.7.0.tgz#72d31005cb8d6abf2a6735049811d64770c3ede3"
  dependencies:
    babel-runtime "^6.20.0"
    cemento "^0.5.0"
    harden "^0.12.0"

protype@^0.8.0:
  version "0.8.0"
  resolved "https://registry.yarnpkg.com/protype/-/protype-0.8.0.tgz#e22dec18bf4a9ba18ab57567704846bb85f7c7ca"
  dependencies:
    babel-runtime "^6.20.0"
    cemento "^0.5.0"
    harden "^0.12.0"

protype@^0.9.0:
  version "0.9.0"
  resolved "https://registry.yarnpkg.com/protype/-/protype-0.9.0.tgz#349f84d64955c199f4f1a62164f2a50aa04089f3"
  dependencies:
    babel-runtime "^6.22.0"
    cemento "^0.6.0"
    harden "^0.13.0"

pyck@^0.5.0:
  version "0.5.0"
  resolved "https://registry.yarnpkg.com/pyck/-/pyck-0.5.0.tgz#cf379858a3756179d479cd3dade7096b856c906f"
  dependencies:
    babel-runtime "^6.20.0"
    doubt "^0.6.0"
    falze "^0.3.0"
    falzy "^0.7.0"
    harden "^0.12.0"
    protype "^0.7.0"
    raze "^0.6.0"
    truu "^0.4.0"
    zelf "^0.4.0"

pyck@^0.7.0:
  version "0.7.0"
  resolved "https://registry.yarnpkg.com/pyck/-/pyck-0.7.0.tgz#9f22760293662e1d3817de9e9a7c803665578323"
  dependencies:
    babel-runtime "^6.22.0"
    clazof "^0.4.0"
    doubt "^0.6.0"
    falze "^0.3.0"
    falzy "^0.7.0"
    harden "^0.13.0"
    protype "^0.8.0"
    raze "^0.6.0"
    truu "^0.4.0"
    zelf "^0.4.0"

raze@^0.16.0:
  version "0.16.0"
  resolved "https://registry.yarnpkg.com/raze/-/raze-0.16.0.tgz#89c986ea43c4714669719b9dd93b2d2b2a2f414b"
  dependencies:
    babel-runtime "^6.22.0"
    doubt "^0.14.0"
    harden "^0.14.0"

raze@^0.6.0:
  version "0.6.0"
  resolved "https://registry.yarnpkg.com/raze/-/raze-0.6.0.tgz#041fb442003078120a603cf1a9ea9c06b90827ea"
  dependencies:
    babel-runtime "^6.20.0"
    doubt "^0.6.0"
    harden "^0.12.0"

regenerator-runtime@^0.10.0:
  version "0.10.1"
  resolved "https://registry.yarnpkg.com/regenerator-runtime/-/regenerator-runtime-0.10.1.tgz#257f41961ce44558b18f7814af48c17559f9faeb"

shardize@^0.7.0:
  version "0.7.0"
  resolved "https://registry.yarnpkg.com/shardize/-/shardize-0.7.0.tgz#dfcaaa099593b2037314e730170216f023bbb5dd"
  dependencies:
    babel-runtime "^6.22.0"
    disdo "^0.5.0"
    falzy "^0.8.0"
    protype "^0.9.0"

snapd@^0.13.0:
  version "0.13.0"
  resolved "https://registry.yarnpkg.com/snapd/-/snapd-0.13.0.tgz#f1a5050c4003c1df8f9cf6718831d2fdd77c789a"
  dependencies:
    asea "^0.6.0"
    babel-runtime "^6.22.0"
    budge "^0.5.0"
    harden "^0.13.0"
    impel "^0.3.0"
    kein "^0.5.0"
    letgo "^0.16.0"
    pringe "^0.2.0"
    protype "^0.8.0"
    truly "^0.6.0"
    zelf "^0.4.0"

stuffed@^0.2.0:
  version "0.2.0"
  resolved "https://registry.yarnpkg.com/stuffed/-/stuffed-0.2.0.tgz#dd163ca94d4c6bd99723e4957555072dff803da5"
  dependencies:
    babel-runtime "^6.20.0"
    doubt "^0.6.0"
    kount "^0.4.0"
    protype "^0.7.0"
    truly "^0.5.0"

sxty4@0.0.0:
  version "0.0.0"
  resolved "https://registry.yarnpkg.com/sxty4/-/sxty4-0.0.0.tgz#232fbc2f49dcb5e2cd542045d884ddda86e05ec4"
  dependencies:
    asea "^0.6.0"
    babel-runtime "^6.20.0"
    falzy "^0.7.0"
    harden "^0.13.0"
    protype "^0.8.0"

transpher@^0.1.0:
  version "0.1.0"
  resolved "https://registry.yarnpkg.com/transpher/-/transpher-0.1.0.tgz#72ef1df0d85f15face9f0b79c7aa8bba14d95cdc"
  dependencies:
    ate "^0.5.0"
    babel-runtime "^6.20.0"
    falzy "^0.7.0"

transpher@^0.6.0:
  version "0.6.0"
  resolved "https://registry.yarnpkg.com/transpher/-/transpher-0.6.0.tgz#4bfdadd8681b60d2ccd2f7ba7c8aa964049866c7"
  dependencies:
    ate "^0.9.0"
    babel-runtime "^6.22.0"
    falzy "^0.11.0"

truly@^0.11.0:
  version "0.11.0"
  resolved "https://registry.yarnpkg.com/truly/-/truly-0.11.0.tgz#7465f07bbf0ffec1566458fdc71f37cf3ec54170"
  dependencies:
    babel-runtime "^6.22.0"
    protype "^0.15.0"

truly@^0.5.0:
  version "0.5.0"
  resolved "https://registry.yarnpkg.com/truly/-/truly-0.5.0.tgz#632cc4d1f55b857637e9a6729e573f503fb2a232"
  dependencies:
    babel-runtime "^6.20.0"
    protype "^0.7.0"

truly@^0.6.0:
  version "0.6.0"
  resolved "https://registry.yarnpkg.com/truly/-/truly-0.6.0.tgz#6dc7491c722b7b7e6fb132557b6b6625ea7f1a69"
  dependencies:
    babel-runtime "^6.22.0"
    protype "^0.8.0"

truly@^0.9.0:
  version "0.9.0"
  resolved "https://registry.yarnpkg.com/truly/-/truly-0.9.0.tgz#eae83a7238588d0b9eb6398df107b5da3f86ae23"
  dependencies:
    babel-runtime "^6.22.0"
    protype "^0.11.0"

truu@^0.4.0:
  version "0.4.0"
  resolved "https://registry.yarnpkg.com/truu/-/truu-0.4.0.tgz#b1858525d176ddf9fa43f5a2d8435dc67b5ab128"
  dependencies:
    babel-runtime "^6.20.0"
    doubt "^0.6.0"
    filled "^0.3.0"
    protype "^0.7.0"
    stuffed "^0.2.0"
    truly "^0.5.0"

zelf@^0.4.0:
  version "0.4.0"
  resolved "https://registry.yarnpkg.com/zelf/-/zelf-0.4.0.tgz#d1d043930451ff260b06641f5606960910e70950"
  dependencies:
    asea "^0.6.0"
    babel-runtime "^6.20.0"

zelf@^0.6.0:
  version "0.6.0"
  resolved "https://registry.yarnpkg.com/zelf/-/zelf-0.6.0.tgz#aa4c09680bd9e3148f53ceb5395608b1c0176412"
  dependencies:
    asea "^0.8.0"
    babel-runtime "^6.22.0"
